{
  "name": "array-on-disk",
  "version": "1.0.0",
  "lockfileVersion": 1,
  "requires": true,
  "dependencies": {
    "read-nth-line": {
      "version": "1.0.0",
      "resolved": "https://registry.npmjs.org/read-nth-line/-/read-nth-line-1.0.0.tgz",
      "integrity": "sha512-Fzv6BVzEW3o0q+lfAlUhtvqZY5pMmkK7w4VuAd6RBeqoFfhmBt+NqzZi+N3h67Q0AdyAFjCazGSmPrH3XBJPZg=="
    }
  }
}
