{
  "name": "array-on-disk",
  "version": "1.0.0",
  "lockfileVersion": 1,
  "requires": true,
  "dependencies": {
    "read-nth-line": {
      "version": "1.0.2",
      "resolved": "https://registry.npmjs.org/read-nth-line/-/read-nth-line-1.0.2.tgz",
      "integrity": "sha512-F/vsJDS98hIhNq6/PniBH83IezEypEh65IywdIgqEGyT1vZ9rbz/MAmd0oHMsbP74N62dx7OxgfsqiWBCMwAnQ=="
    }
  }
}
