{
  "name": "array-on-disk",
  "version": "1.0.0",
  "lockfileVersion": 1,
  "requires": true,
  "dependencies": {
    "nthline": {
      "version": "1.0.1",
      "resolved": "https://registry.npmjs.org/nthline/-/nthline-1.0.1.tgz",
      "integrity": "sha1-I8bTqf1HmvOHtjP7KDK1NSpacOw="
    }
  }
}
